
Microsoft Visual Studio Solution File, Format Version 12.00
# Visual Studio Version 16
VisualStudioVersion = 16.0.30611.23
MinimumVisualStudioVersion = 10.0.40219.1
Project("{FAE04EC0-301F-11D3-BF4B-00C04F79EFBC}") = "Aufgabe_20210217", "Aufgabe_20210217\Aufgabe_20210217.csproj", "{EBE9E482-1E9D-4B5A-85DF-F56C98E635C9}"
EndProject
Global
	GlobalSection(SolutionConfigurationPlatforms) = preSolution
		Debug|Any CPU = Debug|Any CPU
		Release|Any CPU = Release|Any CPU
	EndGlobalSection
	GlobalSection(ProjectConfigurationPlatforms) = postSolution
		{EBE9E482-1E9D-4B5A-85DF-F56C98E635C9}.Debug|Any CPU.ActiveCfg = Debug|Any CPU
		{EBE9E482-1E9D-4B5A-85DF-F56C98E635C9}.Debug|Any CPU.Build.0 = Debug|Any CPU
		{EBE9E482-1E9D-4B5A-85DF-F56C98E635C9}.Release|Any CPU.ActiveCfg = Release|Any CPU
		{EBE9E482-1E9D-4B5A-85DF-F56C98E635C9}.Release|Any CPU.Build.0 = Release|Any CPU
	EndGlobalSection
	GlobalSection(SolutionProperties) = preSolution
		HideSolutionNode = FALSE
	EndGlobalSection
	GlobalSection(ExtensibilityGlobals) = postSolution
		SolutionGuid = {493E4CFD-936B-4033-9E8A-3492E2568979}
	EndGlobalSection
EndGlobal
