
Microsoft Visual Studio Solution File, Format Version 12.00
# Visual Studio Version 16
VisualStudioVersion = 16.0.30611.23
MinimumVisualStudioVersion = 10.0.40219.1
Project("{9A19103F-16F7-4668-BE54-9A1E7A4F7556}") = "Aufgabe_20210217", "Aufgabe_20210217\Aufgabe_20210217.csproj", "{EBE9E482-1E9D-4B5A-85DF-F56C98E635C9}"
EndProject
Project("{9A19103F-16F7-4668-BE54-9A1E7A4F7556}") = "Aufgabe_20210224", "Aufgabe_20210224\Aufgabe_20210224.csproj", "{CA06A007-292D-4AAD-A80F-FFD1B9685DBD}"
EndProject
Project("{FAE04EC0-301F-11D3-BF4B-00C04F79EFBC}") = "channel9Tutorials", "channel9Tutorials\channel9Tutorials.csproj", "{60159ABC-71D7-4A4B-84AC-E6ED7D6696FF}"
EndProject
Project("{FAE04EC0-301F-11D3-BF4B-00C04F79EFBC}") = "Aufgabe_20210303", "Aufgabe_20210303\Aufgabe_20210303.csproj", "{24DD31C8-FF3E-4B01-B250-CD8034C9E62C}"
EndProject
Project("{FAE04EC0-301F-11D3-BF4B-00C04F79EFBC}") = "Aufgabe_20210310", "Aufgabe_20210310\Aufgabe_20210310.csproj", "{58A5D0AE-665C-4633-8420-9D5B2C416CD8}"
EndProject
Project("{9A19103F-16F7-4668-BE54-9A1E7A4F7556}") = "Schulaufgabe_20210519", "Schulaufgabe_20210519\Schulaufgabe_20210519.csproj", "{57DDC395-0F62-4D9D-BE9C-BB8FB90F4259}"
EndProject
Project("{9A19103F-16F7-4668-BE54-9A1E7A4F7556}") = "Schule_20210602", "Schule_20210602\Schule_20210602.csproj", "{9AC50F47-AE6B-46B1-BED3-84037BFE715F}"
EndProject
Project("{9A19103F-16F7-4668-BE54-9A1E7A4F7556}") = "Schule_20210608", "Schule_20210608\Schule_20210608.csproj", "{56363458-6EB6-47B7-9BBE-6F83BB4293B7}"
EndProject
Project("{FAE04EC0-301F-11D3-BF4B-00C04F79EFBC}") = "Schule_20210616", "Schule_20210616\Schule_20210616.csproj", "{154B3867-46DA-4257-A31F-BE6D8AD3642D}"
EndProject
Global
	GlobalSection(SolutionConfigurationPlatforms) = preSolution
		Debug|Any CPU = Debug|Any CPU
		Release|Any CPU = Release|Any CPU
	EndGlobalSection
	GlobalSection(ProjectConfigurationPlatforms) = postSolution
		{EBE9E482-1E9D-4B5A-85DF-F56C98E635C9}.Debug|Any CPU.ActiveCfg = Debug|Any CPU
		{EBE9E482-1E9D-4B5A-85DF-F56C98E635C9}.Debug|Any CPU.Build.0 = Debug|Any CPU
		{EBE9E482-1E9D-4B5A-85DF-F56C98E635C9}.Release|Any CPU.ActiveCfg = Release|Any CPU
		{EBE9E482-1E9D-4B5A-85DF-F56C98E635C9}.Release|Any CPU.Build.0 = Release|Any CPU
		{CA06A007-292D-4AAD-A80F-FFD1B9685DBD}.Debug|Any CPU.ActiveCfg = Debug|Any CPU
		{CA06A007-292D-4AAD-A80F-FFD1B9685DBD}.Debug|Any CPU.Build.0 = Debug|Any CPU
		{CA06A007-292D-4AAD-A80F-FFD1B9685DBD}.Release|Any CPU.ActiveCfg = Release|Any CPU
		{CA06A007-292D-4AAD-A80F-FFD1B9685DBD}.Release|Any CPU.Build.0 = Release|Any CPU
		{60159ABC-71D7-4A4B-84AC-E6ED7D6696FF}.Debug|Any CPU.ActiveCfg = Debug|Any CPU
		{60159ABC-71D7-4A4B-84AC-E6ED7D6696FF}.Debug|Any CPU.Build.0 = Debug|Any CPU
		{60159ABC-71D7-4A4B-84AC-E6ED7D6696FF}.Release|Any CPU.ActiveCfg = Release|Any CPU
		{60159ABC-71D7-4A4B-84AC-E6ED7D6696FF}.Release|Any CPU.Build.0 = Release|Any CPU
		{24DD31C8-FF3E-4B01-B250-CD8034C9E62C}.Debug|Any CPU.ActiveCfg = Debug|Any CPU
		{24DD31C8-FF3E-4B01-B250-CD8034C9E62C}.Debug|Any CPU.Build.0 = Debug|Any CPU
		{24DD31C8-FF3E-4B01-B250-CD8034C9E62C}.Release|Any CPU.ActiveCfg = Release|Any CPU
		{24DD31C8-FF3E-4B01-B250-CD8034C9E62C}.Release|Any CPU.Build.0 = Release|Any CPU
		{58A5D0AE-665C-4633-8420-9D5B2C416CD8}.Debug|Any CPU.ActiveCfg = Debug|Any CPU
		{58A5D0AE-665C-4633-8420-9D5B2C416CD8}.Debug|Any CPU.Build.0 = Debug|Any CPU
		{58A5D0AE-665C-4633-8420-9D5B2C416CD8}.Release|Any CPU.ActiveCfg = Release|Any CPU
		{58A5D0AE-665C-4633-8420-9D5B2C416CD8}.Release|Any CPU.Build.0 = Release|Any CPU
		{57DDC395-0F62-4D9D-BE9C-BB8FB90F4259}.Debug|Any CPU.ActiveCfg = Debug|Any CPU
		{57DDC395-0F62-4D9D-BE9C-BB8FB90F4259}.Debug|Any CPU.Build.0 = Debug|Any CPU
		{57DDC395-0F62-4D9D-BE9C-BB8FB90F4259}.Release|Any CPU.ActiveCfg = Release|Any CPU
		{57DDC395-0F62-4D9D-BE9C-BB8FB90F4259}.Release|Any CPU.Build.0 = Release|Any CPU
		{9AC50F47-AE6B-46B1-BED3-84037BFE715F}.Debug|Any CPU.ActiveCfg = Debug|Any CPU
		{9AC50F47-AE6B-46B1-BED3-84037BFE715F}.Debug|Any CPU.Build.0 = Debug|Any CPU
		{9AC50F47-AE6B-46B1-BED3-84037BFE715F}.Release|Any CPU.ActiveCfg = Release|Any CPU
		{9AC50F47-AE6B-46B1-BED3-84037BFE715F}.Release|Any CPU.Build.0 = Release|Any CPU
		{56363458-6EB6-47B7-9BBE-6F83BB4293B7}.Debug|Any CPU.ActiveCfg = Debug|Any CPU
		{56363458-6EB6-47B7-9BBE-6F83BB4293B7}.Debug|Any CPU.Build.0 = Debug|Any CPU
		{56363458-6EB6-47B7-9BBE-6F83BB4293B7}.Release|Any CPU.ActiveCfg = Release|Any CPU
		{56363458-6EB6-47B7-9BBE-6F83BB4293B7}.Release|Any CPU.Build.0 = Release|Any CPU
		{154B3867-46DA-4257-A31F-BE6D8AD3642D}.Debug|Any CPU.ActiveCfg = Debug|Any CPU
		{154B3867-46DA-4257-A31F-BE6D8AD3642D}.Debug|Any CPU.Build.0 = Debug|Any CPU
		{154B3867-46DA-4257-A31F-BE6D8AD3642D}.Release|Any CPU.ActiveCfg = Release|Any CPU
		{154B3867-46DA-4257-A31F-BE6D8AD3642D}.Release|Any CPU.Build.0 = Release|Any CPU
	EndGlobalSection
	GlobalSection(SolutionProperties) = preSolution
		HideSolutionNode = FALSE
	EndGlobalSection
	GlobalSection(ExtensibilityGlobals) = postSolution
		SolutionGuid = {493E4CFD-936B-4033-9E8A-3492E2568979}
	EndGlobalSection
EndGlobal
